
Microsoft Visual Studio Solution File, Format Version 12.00
# Visual Studio Version 16
VisualStudioVersion = 16.0.28922.388
MinimumVisualStudioVersion = 10.0.40219.1
Project("{888888A0-9F3D-457C-B088-3A5042F75D52}") = "Ipotenusa", "Ipotenusa.pyproj", "{9503A510-6078-4E3F-8020-D7BE9D84685F}"
EndProject
Global
	GlobalSection(SolutionConfigurationPlatforms) = preSolution
		Debug|Any CPU = Debug|Any CPU
		Release|Any CPU = Release|Any CPU
	EndGlobalSection
	GlobalSection(ProjectConfigurationPlatforms) = postSolution
		{9503A510-6078-4E3F-8020-D7BE9D84685F}.Debug|Any CPU.ActiveCfg = Debug|Any CPU
		{9503A510-6078-4E3F-8020-D7BE9D84685F}.Release|Any CPU.ActiveCfg = Release|Any CPU
	EndGlobalSection
	GlobalSection(SolutionProperties) = preSolution
		HideSolutionNode = FALSE
	EndGlobalSection
	GlobalSection(ExtensibilityGlobals) = postSolution
		SolutionGuid = {9E1E8E0B-30A3-4501-B4A5-69E95C6F90E9}
	EndGlobalSection
EndGlobal
