
Microsoft Visual Studio Solution File, Format Version 12.00
# Visual Studio Version 16
VisualStudioVersion = 16.0.28922.388
MinimumVisualStudioVersion = 10.0.40219.1
Project("{888888A0-9F3D-457C-B088-3A5042F75D52}") = "Binario Decimale", "Binario Decimale.pyproj", "{1DD362EB-5D68-404E-A672-2C0949A6F406}"
EndProject
Global
	GlobalSection(SolutionConfigurationPlatforms) = preSolution
		Debug|Any CPU = Debug|Any CPU
		Release|Any CPU = Release|Any CPU
	EndGlobalSection
	GlobalSection(ProjectConfigurationPlatforms) = postSolution
		{1DD362EB-5D68-404E-A672-2C0949A6F406}.Debug|Any CPU.ActiveCfg = Debug|Any CPU
		{1DD362EB-5D68-404E-A672-2C0949A6F406}.Release|Any CPU.ActiveCfg = Release|Any CPU
	EndGlobalSection
	GlobalSection(SolutionProperties) = preSolution
		HideSolutionNode = FALSE
	EndGlobalSection
	GlobalSection(ExtensibilityGlobals) = postSolution
		SolutionGuid = {86860A6C-EF5E-4B53-8491-2207C5DD0FF9}
	EndGlobalSection
EndGlobal
