
Microsoft Visual Studio Solution File, Format Version 12.00
# Visual Studio Version 16
VisualStudioVersion = 16.0.28922.388
MinimumVisualStudioVersion = 10.0.40219.1
Project("{888888A0-9F3D-457C-B088-3A5042F75D52}") = "Converitore Generale", "Converitore Generale.pyproj", "{38C141B6-1DE6-478F-8735-E96483FDFA72}"
EndProject
Global
	GlobalSection(SolutionConfigurationPlatforms) = preSolution
		Debug|Any CPU = Debug|Any CPU
		Release|Any CPU = Release|Any CPU
	EndGlobalSection
	GlobalSection(ProjectConfigurationPlatforms) = postSolution
		{38C141B6-1DE6-478F-8735-E96483FDFA72}.Debug|Any CPU.ActiveCfg = Debug|Any CPU
		{38C141B6-1DE6-478F-8735-E96483FDFA72}.Release|Any CPU.ActiveCfg = Release|Any CPU
	EndGlobalSection
	GlobalSection(SolutionProperties) = preSolution
		HideSolutionNode = FALSE
	EndGlobalSection
	GlobalSection(ExtensibilityGlobals) = postSolution
		SolutionGuid = {DA91536F-4C30-45B9-8ACD-804203DAD480}
	EndGlobalSection
EndGlobal
